{
  "nodes": {
    "flake-utils": {
      "locked": {
        "lastModified": 1656928814,
        "narHash": "sha256-RIFfgBuKz6Hp89yRr7+NR5tzIAbn52h8vT6vXkYjZoM=",
        "owner": "numtide",
        "repo": "flake-utils",
        "rev": "7e2a3b3dfd9af950a856d66b0a7d01e3c18aa249",
        "type": "github"
      },
      "original": {
        "owner": "numtide",
        "repo": "flake-utils",
        "type": "github"
      }
    },
    "nixos-hardware": {
      "locked": {
        "lastModified": 1659256765,
        "narHash": "sha256-RE4l6J+ApJ1vd4QFDhbEasv0M/deTxSK5IsIBYXuHmE=",
        "owner": "NixOS",
        "repo": "nixos-hardware",
        "rev": "727a099e871ff10ae09a1ebd056a5ba4b9dbe50f",
        "type": "github"
      },
      "original": {
        "owner": "NixOS",
        "ref": "master",
        "repo": "nixos-hardware",
        "type": "github"
      }
    },
    "nixpkgs": {
      "locked": {
        "lastModified": 1659052185,
        "narHash": "sha256-TUbwbzCbprtWB9EtXPM52cWuKETuCV3H+cMXjLRbwTw=",
        "owner": "NixOS",
        "repo": "nixpkgs",
        "rev": "9370544d849be8a07193e7611d02e6f6f1b10768",
        "type": "github"
      },
      "original": {
        "id": "nixpkgs",
        "ref": "nixos-22.05",
        "type": "indirect"
      }
    },
    "nixpkgs_2": {
      "locked": {
        "lastModified": 1657815135,
        "narHash": "sha256-+5Jby1ayRjtSgsM5IpRNeUgdcIutCKQWR6sypRtd1RE=",
        "owner": "NixOS",
        "repo": "nixpkgs",
        "rev": "c06d5fa9c605d143b15cafdbbb61c7c95388d76e",
        "type": "github"
      },
      "original": {
        "owner": "NixOS",
        "ref": "nixos-22.05",
        "repo": "nixpkgs",
        "type": "github"
      }
    },
    "nvim": {
      "inputs": {
        "flake-utils": "flake-utils",
        "nixpkgs": "nixpkgs_2"
      },
      "locked": {
        "dir": "nvim",
        "lastModified": 1659229386,
        "narHash": "sha256-g710mQUiQz2YnxhKeyK8p4zJDT5XV0jDqYuW8Rzcuk8=",
        "type": "git",
        "url": "file:///home/nixos/nixos/home?dir=nvim"
      },
      "original": {
        "dir": "nvim",
        "type": "git",
        "url": "file:///home/nixos/nixos/home?dir=nvim"
      }
    },
    "root": {
      "inputs": {
        "nixos-hardware": "nixos-hardware",
        "nixpkgs": "nixpkgs",
        "nvim": "nvim"
      }
    }
  },
  "root": "root",
  "version": 7
}
